
Microsoft Visual Studio Solution File, Format Version 12.00
# Visual Studio Version 17
VisualStudioVersion = 17.9.34701.34
MinimumVisualStudioVersion = 10.0.40219.1
Project("{FAE04EC0-301F-11D3-BF4B-00C04F79EFBC}") = "ADO.NET Practical", "ADO.NET Practical\ADO.NET Practical.csproj", "{26878590-EF83-4637-B166-45FD5D8638E2}"
EndProject
Project("{FAE04EC0-301F-11D3-BF4B-00C04F79EFBC}") = "ADO.NET Client", "ADO.NET Client\ADO.NET Client.csproj", "{0C750CBA-9D9B-4EA0-A591-925EC8295AF4}"
EndProject
Global
	GlobalSection(SolutionConfigurationPlatforms) = preSolution
		Debug|Any CPU = Debug|Any CPU
		Release|Any CPU = Release|Any CPU
	EndGlobalSection
	GlobalSection(ProjectConfigurationPlatforms) = postSolution
		{26878590-EF83-4637-B166-45FD5D8638E2}.Debug|Any CPU.ActiveCfg = Debug|Any CPU
		{26878590-EF83-4637-B166-45FD5D8638E2}.Debug|Any CPU.Build.0 = Debug|Any CPU
		{26878590-EF83-4637-B166-45FD5D8638E2}.Release|Any CPU.ActiveCfg = Release|Any CPU
		{26878590-EF83-4637-B166-45FD5D8638E2}.Release|Any CPU.Build.0 = Release|Any CPU
		{0C750CBA-9D9B-4EA0-A591-925EC8295AF4}.Debug|Any CPU.ActiveCfg = Debug|Any CPU
		{0C750CBA-9D9B-4EA0-A591-925EC8295AF4}.Debug|Any CPU.Build.0 = Debug|Any CPU
		{0C750CBA-9D9B-4EA0-A591-925EC8295AF4}.Release|Any CPU.ActiveCfg = Release|Any CPU
		{0C750CBA-9D9B-4EA0-A591-925EC8295AF4}.Release|Any CPU.Build.0 = Release|Any CPU
	EndGlobalSection
	GlobalSection(SolutionProperties) = preSolution
		HideSolutionNode = FALSE
	EndGlobalSection
	GlobalSection(ExtensibilityGlobals) = postSolution
		SolutionGuid = {75F47DAB-CC2F-42C7-A33A-748D22C47D6D}
	EndGlobalSection
EndGlobal
